
Microsoft Visual Studio Solution File, Format Version 12.00
# Visual Studio Version 17
VisualStudioVersion = 17.2.32630.192
MinimumVisualStudioVersion = 10.0.40219.1
Project("{2150E333-8FDC-42A3-9474-1A3956D46DE8}") = "coreLayer", "coreLayer", "{07DDEDD5-C193-4E8A-8FAC-F20C6A952C09}"
EndProject
Project("{2150E333-8FDC-42A3-9474-1A3956D46DE8}") = "projectLayer", "projectLayer", "{0A921865-C9CF-4113-8C8A-155B476268AA}"
EndProject
Project("{9A19103F-16F7-4668-BE54-9A1E7A4F7556}") = "Core.DependencyResolvers", "coreLayer\DependencyResolvers\Core.DependencyResolvers.csproj", "{0FA9C5DE-C59A-4C0A-94CD-8960991BD8C5}"
EndProject
Project("{9A19103F-16F7-4668-BE54-9A1E7A4F7556}") = "Core.Aspects", "coreLayer\Aspects\Core.Aspects.csproj", "{951A3E84-A9A5-40F8-B166-21A919C4AF22}"
EndProject
Project("{9A19103F-16F7-4668-BE54-9A1E7A4F7556}") = "Core.CCC", "coreLayer\CCC\Core.CCC.csproj", "{EC1328DE-BB14-4D52-AD5F-1DD6EBC07974}"
EndProject
Project("{9A19103F-16F7-4668-BE54-9A1E7A4F7556}") = "Core.Extensions", "coreLayer\Extensions\Core.Extensions.csproj", "{A4448AC0-ED71-45AC-AF25-F861F95D190F}"
EndProject
Project("{9A19103F-16F7-4668-BE54-9A1E7A4F7556}") = "Core.Utilities", "coreLayer\Utilities\Core.Utilities.csproj", "{C502212F-00E9-422A-9C89-D891FE4EF8BD}"
EndProject
Project("{9A19103F-16F7-4668-BE54-9A1E7A4F7556}") = "Persistence", "projectLayer\Persistence\Persistence.csproj", "{F9ACB518-F206-4AE6-8B08-F0116F8EB19D}"
EndProject
Project("{9A19103F-16F7-4668-BE54-9A1E7A4F7556}") = "Infrastructure", "projectLayer\Infrastructure\Infrastructure.csproj", "{6DBF396A-674C-43A2-8DD8-FCA4A014132C}"
EndProject
Project("{9A19103F-16F7-4668-BE54-9A1E7A4F7556}") = "Domain", "projectLayer\Domain\Domain.csproj", "{D7E1D29B-E32F-40AC-8F9D-159E88BB6436}"
EndProject
Project("{9A19103F-16F7-4668-BE54-9A1E7A4F7556}") = "API", "projectLayer\API\API.csproj", "{3C9C1139-2805-4F62-86CB-E633483ABA50}"
EndProject
Project("{9A19103F-16F7-4668-BE54-9A1E7A4F7556}") = "Application", "projectLayer\Application\Application.csproj", "{499F5413-F5C3-426E-AB22-50CA56C5BD14}"
EndProject
Project("{9A19103F-16F7-4668-BE54-9A1E7A4F7556}") = "Core.Persistence", "coreLayer\Persistence\Core.Persistence.csproj", "{6DAE4FE0-A23A-4304-93B6-8CC75CB2BDD9}"
EndProject
Project("{FAE04EC0-301F-11D3-BF4B-00C04F79EFBC}") = "Core.Application", "coreLayer\Application\Core.Application.csproj", "{BF73D584-9947-4CBE-8847-82669A51B3BE}"
EndProject
Global
	GlobalSection(SolutionConfigurationPlatforms) = preSolution
		Debug|Any CPU = Debug|Any CPU
		Release|Any CPU = Release|Any CPU
	EndGlobalSection
	GlobalSection(ProjectConfigurationPlatforms) = postSolution
		{0FA9C5DE-C59A-4C0A-94CD-8960991BD8C5}.Debug|Any CPU.ActiveCfg = Debug|Any CPU
		{0FA9C5DE-C59A-4C0A-94CD-8960991BD8C5}.Debug|Any CPU.Build.0 = Debug|Any CPU
		{0FA9C5DE-C59A-4C0A-94CD-8960991BD8C5}.Release|Any CPU.ActiveCfg = Release|Any CPU
		{0FA9C5DE-C59A-4C0A-94CD-8960991BD8C5}.Release|Any CPU.Build.0 = Release|Any CPU
		{951A3E84-A9A5-40F8-B166-21A919C4AF22}.Debug|Any CPU.ActiveCfg = Debug|Any CPU
		{951A3E84-A9A5-40F8-B166-21A919C4AF22}.Debug|Any CPU.Build.0 = Debug|Any CPU
		{951A3E84-A9A5-40F8-B166-21A919C4AF22}.Release|Any CPU.ActiveCfg = Release|Any CPU
		{951A3E84-A9A5-40F8-B166-21A919C4AF22}.Release|Any CPU.Build.0 = Release|Any CPU
		{EC1328DE-BB14-4D52-AD5F-1DD6EBC07974}.Debug|Any CPU.ActiveCfg = Debug|Any CPU
		{EC1328DE-BB14-4D52-AD5F-1DD6EBC07974}.Debug|Any CPU.Build.0 = Debug|Any CPU
		{EC1328DE-BB14-4D52-AD5F-1DD6EBC07974}.Release|Any CPU.ActiveCfg = Release|Any CPU
		{EC1328DE-BB14-4D52-AD5F-1DD6EBC07974}.Release|Any CPU.Build.0 = Release|Any CPU
		{A4448AC0-ED71-45AC-AF25-F861F95D190F}.Debug|Any CPU.ActiveCfg = Debug|Any CPU
		{A4448AC0-ED71-45AC-AF25-F861F95D190F}.Debug|Any CPU.Build.0 = Debug|Any CPU
		{A4448AC0-ED71-45AC-AF25-F861F95D190F}.Release|Any CPU.ActiveCfg = Release|Any CPU
		{A4448AC0-ED71-45AC-AF25-F861F95D190F}.Release|Any CPU.Build.0 = Release|Any CPU
		{C502212F-00E9-422A-9C89-D891FE4EF8BD}.Debug|Any CPU.ActiveCfg = Debug|Any CPU
		{C502212F-00E9-422A-9C89-D891FE4EF8BD}.Debug|Any CPU.Build.0 = Debug|Any CPU
		{C502212F-00E9-422A-9C89-D891FE4EF8BD}.Release|Any CPU.ActiveCfg = Release|Any CPU
		{C502212F-00E9-422A-9C89-D891FE4EF8BD}.Release|Any CPU.Build.0 = Release|Any CPU
		{F9ACB518-F206-4AE6-8B08-F0116F8EB19D}.Debug|Any CPU.ActiveCfg = Debug|Any CPU
		{F9ACB518-F206-4AE6-8B08-F0116F8EB19D}.Debug|Any CPU.Build.0 = Debug|Any CPU
		{F9ACB518-F206-4AE6-8B08-F0116F8EB19D}.Release|Any CPU.ActiveCfg = Release|Any CPU
		{F9ACB518-F206-4AE6-8B08-F0116F8EB19D}.Release|Any CPU.Build.0 = Release|Any CPU
		{6DBF396A-674C-43A2-8DD8-FCA4A014132C}.Debug|Any CPU.ActiveCfg = Debug|Any CPU
		{6DBF396A-674C-43A2-8DD8-FCA4A014132C}.Debug|Any CPU.Build.0 = Debug|Any CPU
		{6DBF396A-674C-43A2-8DD8-FCA4A014132C}.Release|Any CPU.ActiveCfg = Release|Any CPU
		{6DBF396A-674C-43A2-8DD8-FCA4A014132C}.Release|Any CPU.Build.0 = Release|Any CPU
		{D7E1D29B-E32F-40AC-8F9D-159E88BB6436}.Debug|Any CPU.ActiveCfg = Debug|Any CPU
		{D7E1D29B-E32F-40AC-8F9D-159E88BB6436}.Debug|Any CPU.Build.0 = Debug|Any CPU
		{D7E1D29B-E32F-40AC-8F9D-159E88BB6436}.Release|Any CPU.ActiveCfg = Release|Any CPU
		{D7E1D29B-E32F-40AC-8F9D-159E88BB6436}.Release|Any CPU.Build.0 = Release|Any CPU
		{3C9C1139-2805-4F62-86CB-E633483ABA50}.Debug|Any CPU.ActiveCfg = Debug|Any CPU
		{3C9C1139-2805-4F62-86CB-E633483ABA50}.Debug|Any CPU.Build.0 = Debug|Any CPU
		{3C9C1139-2805-4F62-86CB-E633483ABA50}.Release|Any CPU.ActiveCfg = Release|Any CPU
		{3C9C1139-2805-4F62-86CB-E633483ABA50}.Release|Any CPU.Build.0 = Release|Any CPU
		{499F5413-F5C3-426E-AB22-50CA56C5BD14}.Debug|Any CPU.ActiveCfg = Debug|Any CPU
		{499F5413-F5C3-426E-AB22-50CA56C5BD14}.Debug|Any CPU.Build.0 = Debug|Any CPU
		{499F5413-F5C3-426E-AB22-50CA56C5BD14}.Release|Any CPU.ActiveCfg = Release|Any CPU
		{499F5413-F5C3-426E-AB22-50CA56C5BD14}.Release|Any CPU.Build.0 = Release|Any CPU
		{6DAE4FE0-A23A-4304-93B6-8CC75CB2BDD9}.Debug|Any CPU.ActiveCfg = Debug|Any CPU
		{6DAE4FE0-A23A-4304-93B6-8CC75CB2BDD9}.Debug|Any CPU.Build.0 = Debug|Any CPU
		{6DAE4FE0-A23A-4304-93B6-8CC75CB2BDD9}.Release|Any CPU.ActiveCfg = Release|Any CPU
		{6DAE4FE0-A23A-4304-93B6-8CC75CB2BDD9}.Release|Any CPU.Build.0 = Release|Any CPU
		{BF73D584-9947-4CBE-8847-82669A51B3BE}.Debug|Any CPU.ActiveCfg = Debug|Any CPU
		{BF73D584-9947-4CBE-8847-82669A51B3BE}.Debug|Any CPU.Build.0 = Debug|Any CPU
		{BF73D584-9947-4CBE-8847-82669A51B3BE}.Release|Any CPU.ActiveCfg = Release|Any CPU
		{BF73D584-9947-4CBE-8847-82669A51B3BE}.Release|Any CPU.Build.0 = Release|Any CPU
	EndGlobalSection
	GlobalSection(SolutionProperties) = preSolution
		HideSolutionNode = FALSE
	EndGlobalSection
	GlobalSection(NestedProjects) = preSolution
		{0FA9C5DE-C59A-4C0A-94CD-8960991BD8C5} = {07DDEDD5-C193-4E8A-8FAC-F20C6A952C09}
		{951A3E84-A9A5-40F8-B166-21A919C4AF22} = {07DDEDD5-C193-4E8A-8FAC-F20C6A952C09}
		{EC1328DE-BB14-4D52-AD5F-1DD6EBC07974} = {07DDEDD5-C193-4E8A-8FAC-F20C6A952C09}
		{A4448AC0-ED71-45AC-AF25-F861F95D190F} = {07DDEDD5-C193-4E8A-8FAC-F20C6A952C09}
		{C502212F-00E9-422A-9C89-D891FE4EF8BD} = {07DDEDD5-C193-4E8A-8FAC-F20C6A952C09}
		{F9ACB518-F206-4AE6-8B08-F0116F8EB19D} = {0A921865-C9CF-4113-8C8A-155B476268AA}
		{6DBF396A-674C-43A2-8DD8-FCA4A014132C} = {0A921865-C9CF-4113-8C8A-155B476268AA}
		{D7E1D29B-E32F-40AC-8F9D-159E88BB6436} = {0A921865-C9CF-4113-8C8A-155B476268AA}
		{3C9C1139-2805-4F62-86CB-E633483ABA50} = {0A921865-C9CF-4113-8C8A-155B476268AA}
		{499F5413-F5C3-426E-AB22-50CA56C5BD14} = {0A921865-C9CF-4113-8C8A-155B476268AA}
		{6DAE4FE0-A23A-4304-93B6-8CC75CB2BDD9} = {07DDEDD5-C193-4E8A-8FAC-F20C6A952C09}
		{BF73D584-9947-4CBE-8847-82669A51B3BE} = {07DDEDD5-C193-4E8A-8FAC-F20C6A952C09}
	EndGlobalSection
	GlobalSection(ExtensibilityGlobals) = postSolution
		SolutionGuid = {62CC87BE-1EBB-44CE-8E32-C6991378B951}
	EndGlobalSection
EndGlobal
